
Microsoft Visual Studio Solution File, Format Version 12.00
# Visual Studio Version 16
VisualStudioVersion = 16.0.30204.135
MinimumVisualStudioVersion = 10.0.40219.1
Project("{FAE04EC0-301F-11D3-BF4B-00C04F79EFBC}") = "FootballArea", "FootballArea\FootballArea.csproj", "{0D21BE11-3D0D-4637-81CC-ED430B32FFCB}"
EndProject
Global
	GlobalSection(SolutionConfigurationPlatforms) = preSolution
		Debug|Any CPU = Debug|Any CPU
		Release|Any CPU = Release|Any CPU
	EndGlobalSection
	GlobalSection(ProjectConfigurationPlatforms) = postSolution
		{0D21BE11-3D0D-4637-81CC-ED430B32FFCB}.Debug|Any CPU.ActiveCfg = Debug|Any CPU
		{0D21BE11-3D0D-4637-81CC-ED430B32FFCB}.Debug|Any CPU.Build.0 = Debug|Any CPU
		{0D21BE11-3D0D-4637-81CC-ED430B32FFCB}.Release|Any CPU.ActiveCfg = Release|Any CPU
		{0D21BE11-3D0D-4637-81CC-ED430B32FFCB}.Release|Any CPU.Build.0 = Release|Any CPU
	EndGlobalSection
	GlobalSection(SolutionProperties) = preSolution
		HideSolutionNode = FALSE
	EndGlobalSection
	GlobalSection(ExtensibilityGlobals) = postSolution
		SolutionGuid = {754548C7-FEAA-4444-90C7-6D5DF384FE30}
	EndGlobalSection
EndGlobal
